
Microsoft Visual Studio Solution File, Format Version 12.00
# Visual Studio Version 17
VisualStudioVersion = 17.3.32922.545
MinimumVisualStudioVersion = 10.0.40219.1
Project("{FAE04EC0-301F-11D3-BF4B-00C04F79EFBC}") = "productclass", "productclass\productclass.csproj", "{B63DD664-0F16-4118-9C63-50D3BF25E3F6}"
EndProject
Global
	GlobalSection(SolutionConfigurationPlatforms) = preSolution
		Debug|Any CPU = Debug|Any CPU
		Release|Any CPU = Release|Any CPU
	EndGlobalSection
	GlobalSection(ProjectConfigurationPlatforms) = postSolution
		{B63DD664-0F16-4118-9C63-50D3BF25E3F6}.Debug|Any CPU.ActiveCfg = Debug|Any CPU
		{B63DD664-0F16-4118-9C63-50D3BF25E3F6}.Debug|Any CPU.Build.0 = Debug|Any CPU
		{B63DD664-0F16-4118-9C63-50D3BF25E3F6}.Release|Any CPU.ActiveCfg = Release|Any CPU
		{B63DD664-0F16-4118-9C63-50D3BF25E3F6}.Release|Any CPU.Build.0 = Release|Any CPU
	EndGlobalSection
	GlobalSection(SolutionProperties) = preSolution
		HideSolutionNode = FALSE
	EndGlobalSection
	GlobalSection(ExtensibilityGlobals) = postSolution
		SolutionGuid = {8A7A6EA5-1715-4B5E-8F31-3C546BDD6FB0}
	EndGlobalSection
EndGlobal
